// !$*UTF8*$!
{
	archiveVersion = 1;
	classes = {
	};
	objectVersion = 46;
	objects = {

/* Begin PBXBuildFile section */
		1F15B5B51EB62A8800316182 /* CategoryScreenVCViewController.swift in Sources */ = {isa = PBXBuildFile; fileRef = 1F15B5B41EB62A8800316182 /* CategoryScreenVCViewController.swift */; };
		1F15B5B71EB62AB700316182 /* QuizViewController.swift in Sources */ = {isa = PBXBuildFile; fileRef = 1F15B5B61EB62AB700316182 /* QuizViewController.swift */; };
		1F15B5B91EB62B0800316182 /* AnswerViewController.swift in Sources */ = {isa = PBXBuildFile; fileRef = 1F15B5B81EB62B0800316182 /* AnswerViewController.swift */; };
		1F47AFF21EBBADDF00BEA242 /* ResultViewController.swift in Sources */ = {isa = PBXBuildFile; fileRef = 1F47AFF11EBBADDF00BEA242 /* ResultViewController.swift */; };
		1FE5F1D81EB629B900FA86D2 /* AppDelegate.swift in Sources */ = {isa = PBXBuildFile; fileRef = 1FE5F1D71EB629B900FA86D2 /* AppDelegate.swift */; };
		1FE5F1DA1EB629B900FA86D2 /* ViewController.swift in Sources */ = {isa = PBXBuildFile; fileRef = 1FE5F1D91EB629B900FA86D2 /* ViewController.swift */; };
		1FE5F1DD1EB629B900FA86D2 /* Main.storyboard in Resources */ = {isa = PBXBuildFile; fileRef = 1FE5F1DB1EB629B900FA86D2 /* Main.storyboard */; };
		1FE5F1E01EB629B900FA86D2 /* Stats_Check.xcdatamodeld in Sources */ = {isa = PBXBuildFile; fileRef = 1FE5F1DE1EB629B900FA86D2 /* Stats_Check.xcdatamodeld */; };
		1FE5F1E21EB629B900FA86D2 /* Assets.xcassets in Resources */ = {isa = PBXBuildFile; fileRef = 1FE5F1E11EB629B900FA86D2 /* Assets.xcassets */; };
		1FE5F1E51EB629B900FA86D2 /* LaunchScreen.storyboard in Resources */ = {isa = PBXBuildFile; fileRef = 1FE5F1E31EB629B900FA86D2 /* LaunchScreen.storyboard */; };
		1FE5F1F01EB629B900FA86D2 /* Stats_CheckTests.swift in Sources */ = {isa = PBXBuildFile; fileRef = 1FE5F1EF1EB629B900FA86D2 /* Stats_CheckTests.swift */; };
		1FE5F1FB1EB629B900FA86D2 /* Stats_CheckUITests.swift in Sources */ = {isa = PBXBuildFile; fileRef = 1FE5F1FA1EB629B900FA86D2 /* Stats_CheckUITests.swift */; };
/* End PBXBuildFile section */

/* Begin PBXContainerItemProxy section */
		1FE5F1EC1EB629B900FA86D2 /* PBXContainerItemProxy */ = {
			isa = PBXContainerItemProxy;
			containerPortal = 1FE5F1CC1EB629B800FA86D2 /* Project object */;
			proxyType = 1;
			remoteGlobalIDString = 1FE5F1D31EB629B800FA86D2;
			remoteInfo = "Stats Check";
		};
		1FE5F1F71EB629B900FA86D2 /* PBXContainerItemProxy */ = {
			isa = PBXContainerItemProxy;
			containerPortal = 1FE5F1CC1EB629B800FA86D2 /* Project object */;
			proxyType = 1;
			remoteGlobalIDString = 1FE5F1D31EB629B800FA86D2;
			remoteInfo = "Stats Check";
		};
/* End PBXContainerItemProxy section */

/* Begin PBXFileReference section */
		1F15B5B41EB62A8800316182 /* CategoryScreenVCViewController.swift */ = {isa = PBXFileReference; fileEncoding = 4; lastKnownFileType = sourcecode.swift; name = CategoryScreenVCViewController.swift; path = ../CategoryScreenVCViewController.swift; sourceTree = "<group>"; };
		1F15B5B61EB62AB700316182 /* QuizViewController.swift */ = {isa = PBXFileReference; fileEncoding = 4; lastKnownFileType = sourcecode.swift; path = QuizViewController.swift; sourceTree = "<group>"; };
		1F15B5B81EB62B0800316182 /* AnswerViewController.swift */ = {isa = PBXFileReference; fileEncoding = 4; lastKnownFileType = sourcecode.swift; name = AnswerViewController.swift; path = ../AnswerViewController.swift; sourceTree = "<group>"; };
		1F47AFF11EBBADDF00BEA242 /* ResultViewController.swift */ = {isa = PBXFileReference; fileEncoding = 4; lastKnownFileType = sourcecode.swift; path = ResultViewController.swift; sourceTree = "<group>"; };
		1FE5F1D41EB629B900FA86D2 /* Stats Check.app */ = {isa = PBXFileReference; explicitFileType = wrapper.application; includeInIndex = 0; path = "Stats Check.app"; sourceTree = BUILT_PRODUCTS_DIR; };
		1FE5F1D71EB629B900FA86D2 /* AppDelegate.swift */ = {isa = PBXFileReference; lastKnownFileType = sourcecode.swift; path = AppDelegate.swift; sourceTree = "<group>"; };
		1FE5F1D91EB629B900FA86D2 /* ViewController.swift */ = {isa = PBXFileReference; lastKnownFileType = sourcecode.swift; path = ViewController.swift; sourceTree = "<group>"; };
		1FE5F1DC1EB629B900FA86D2 /* Base */ = {isa = PBXFileReference; lastKnownFileType = file.storyboard; name = Base; path = Base.lproj/Main.storyboard; sourceTree = "<group>"; };
		1FE5F1DF1EB629B900FA86D2 /* Stats_Check.xcdatamodel */ = {isa = PBXFileReference; lastKnownFileType = wrapper.xcdatamodel; path = Stats_Check.xcdatamodel; sourceTree = "<group>"; };
		1FE5F1E11EB629B900FA86D2 /* Assets.xcassets */ = {isa = PBXFileReference; lastKnownFileType = folder.assetcatalog; path = Assets.xcassets; sourceTree = "<group>"; };
		1FE5F1E41EB629B900FA86D2 /* Base */ = {isa = PBXFileReference; lastKnownFileType = file.storyboard; name = Base; path = Base.lproj/LaunchScreen.storyboard; sourceTree = "<group>"; };
		1FE5F1E61EB629B900FA86D2 /* Info.plist */ = {isa = PBXFileReference; lastKnownFileType = text.plist.xml; path = Info.plist; sourceTree = "<group>"; };
		1FE5F1EB1EB629B900FA86D2 /* Stats CheckTests.xctest */ = {isa = PBXFileReference; explicitFileType = wrapper.cfbundle; includeInIndex = 0; path = "Stats CheckTests.xctest"; sourceTree = BUILT_PRODUCTS_DIR; };
		1FE5F1EF1EB629B900FA86D2 /* Stats_CheckTests.swift */ = {isa = PBXFileReference; lastKnownFileType = sourcecode.swift; path = Stats_CheckTests.swift; sourceTree = "<group>"; };
		1FE5F1F11EB629B900FA86D2 /* Info.plist */ = {isa = PBXFileReference; lastKnownFileType = text.plist.xml; path = Info.plist; sourceTree = "<group>"; };
		1FE5F1F61EB629B900FA86D2 /* Stats CheckUITests.xctest */ = {isa = PBXFileReference; explicitFileType = wrapper.cfbundle; includeInIndex = 0; path = "Stats CheckUITests.xctest"; sourceTree = BUILT_PRODUCTS_DIR; };
		1FE5F1FA1EB629B900FA86D2 /* Stats_CheckUITests.swift */ = {isa = PBXFileReference; lastKnownFileType = sourcecode.swift; path = Stats_CheckUITests.swift; sourceTree = "<group>"; };
		1FE5F1FC1EB629B900FA86D2 /* Info.plist */ = {isa = PBXFileReference; lastKnownFileType = text.plist.xml; path = Info.plist; sourceTree = "<group>"; };
/* End PBXFileReference section */

/* Begin PBXFrameworksBuildPhase section */
		1FE5F1D11EB629B800FA86D2 /* Frameworks */ = {
			isa = PBXFrameworksBuildPhase;
			buildActionMask = 2147483647;
			files = (
			);
			runOnlyForDeploymentPostprocessing = 0;
		};
		1FE5F1E81EB629B900FA86D2 /* Frameworks */ = {
			isa = PBXFrameworksBuildPhase;
			buildActionMask = 2147483647;
			files = (
			);
			runOnlyForDeploymentPostprocessing = 0;
		};
		1FE5F1F31EB629B900FA86D2 /* Frameworks */ = {
			isa = PBXFrameworksBuildPhase;
			buildActionMask = 2147483647;
			files = (
			);
			runOnlyForDeploymentPostprocessing = 0;
		};
/* End PBXFrameworksBuildPhase section */

/* Begin PBXGroup section */
		1FE5F1CB1EB629B800FA86D2 = {
			isa = PBXGroup;
			children = (
				1FE5F1D61EB629B900FA86D2 /* Stats Check */,
				1FE5F1EE1EB629B900FA86D2 /* Stats CheckTests */,
				1FE5F1F91EB629B900FA86D2 /* Stats CheckUITests */,
				1FE5F1D51EB629B900FA86D2 /* Products */,
			);
			sourceTree = "<group>";
		};
		1FE5F1D51EB629B900FA86D2 /* Products */ = {
			isa = PBXGroup;
			children = (
				1FE5F1D41EB629B900FA86D2 /* Stats Check.app */,
				1FE5F1EB1EB629B900FA86D2 /* Stats CheckTests.xctest */,
				1FE5F1F61EB629B900FA86D2 /* Stats CheckUITests.xctest */,
			);
			name = Products;
			sourceTree = "<group>";
		};
		1FE5F1D61EB629B900FA86D2 /* Stats Check */ = {
			isa = PBXGroup;
			children = (
				1FE5F1D71EB629B900FA86D2 /* AppDelegate.swift */,
				1FE5F1D91EB629B900FA86D2 /* ViewController.swift */,
				1F15B5B41EB62A8800316182 /* CategoryScreenVCViewController.swift */,
				1F15B5B81EB62B0800316182 /* AnswerViewController.swift */,
				1F15B5B61EB62AB700316182 /* QuizViewController.swift */,
				1FE5F1DB1EB629B900FA86D2 /* Main.storyboard */,
				1FE5F1E11EB629B900FA86D2 /* Assets.xcassets */,
				1FE5F1E31EB629B900FA86D2 /* LaunchScreen.storyboard */,
				1FE5F1E61EB629B900FA86D2 /* Info.plist */,
				1FE5F1DE1EB629B900FA86D2 /* Stats_Check.xcdatamodeld */,
				1F47AFF11EBBADDF00BEA242 /* ResultViewController.swift */,
			);
			path = "Stats Check";
			sourceTree = "<group>";
		};
		1FE5F1EE1EB629B900FA86D2 /* Stats CheckTests */ = {
			isa = PBXGroup;
			children = (
				1FE5F1EF1EB629B900FA86D2 /* Stats_CheckTests.swift */,
				1FE5F1F11EB629B900FA86D2 /* Info.plist */,
			);
			path = "Stats CheckTests";
			sourceTree = "<group>";
		};
		1FE5F1F91EB629B900FA86D2 /* Stats CheckUITests */ = {
			isa = PBXGroup;
			children = (
				1FE5F1FA1EB629B900FA86D2 /* Stats_CheckUITests.swift */,
				1FE5F1FC1EB629B900FA86D2 /* Info.plist */,
			);
			path = "Stats CheckUITests";
			sourceTree = "<group>";
		};
/* End PBXGroup section */

/* Begin PBXNativeTarget section */
		1FE5F1D31EB629B800FA86D2 /* Stats Check */ = {
			isa = PBXNativeTarget;
			buildConfigurationList = 1FE5F1FF1EB629B900FA86D2 /* Build configuration list for PBXNativeTarget "Stats Check" */;
			buildPhases = (
				1FE5F1D01EB629B800FA86D2 /* Sources */,
				1FE5F1D11EB629B800FA86D2 /* Frameworks */,
				1FE5F1D21EB629B800FA86D2 /* Resources */,
			);
			buildRules = (
			);
			dependencies = (
			);
			name = "Stats Check";
			productName = "Stats Check";
			productReference = 1FE5F1D41EB629B900FA86D2 /* Stats Check.app */;
			productType = "com.apple.product-type.application";
		};
		1FE5F1EA1EB629B900FA86D2 /* Stats CheckTests */ = {
			isa = PBXNativeTarget;
			buildConfigurationList = 1FE5F2021EB629B900FA86D2 /* Build configuration list for PBXNativeTarget "Stats CheckTests" */;
			buildPhases = (
				1FE5F1E71EB629B900FA86D2 /* Sources */,
				1FE5F1E81EB629B900FA86D2 /* Frameworks */,
				1FE5F1E91EB629B900FA86D2 /* Resources */,
			);
			buildRules = (
			);
			dependencies = (
				1FE5F1ED1EB629B900FA86D2 /* PBXTargetDependency */,
			);
			name = "Stats CheckTests";
			productName = "Stats CheckTests";
			productReference = 1FE5F1EB1EB629B900FA86D2 /* Stats CheckTests.xctest */;
			productType = "com.apple.product-type.bundle.unit-test";
		};
		1FE5F1F51EB629B900FA86D2 /* Stats CheckUITests */ = {
			isa = PBXNativeTarget;
			buildConfigurationList = 1FE5F2051EB629B900FA86D2 /* Build configuration list for PBXNativeTarget "Stats CheckUITests" */;
			buildPhases = (
				1FE5F1F21EB629B900FA86D2 /* Sources */,
				1FE5F1F31EB629B900FA86D2 /* Frameworks */,
				1FE5F1F41EB629B900FA86D2 /* Resources */,
			);
			buildRules = (
			);
			dependencies = (
				1FE5F1F81EB629B900FA86D2 /* PBXTargetDependency */,
			);
			name = "Stats CheckUITests";
			productName = "Stats CheckUITests";
			productReference = 1FE5F1F61EB629B900FA86D2 /* Stats CheckUITests.xctest */;
			productType = "com.apple.product-type.bundle.ui-testing";
		};
/* End PBXNativeTarget section */

/* Begin PBXProject section */
		1FE5F1CC1EB629B800FA86D2 /* Project object */ = {
			isa = PBXProject;
			attributes = {
				LastSwiftUpdateCheck = 0820;
				LastUpgradeCheck = 0820;
				ORGANIZATIONNAME = "Siddhesh Mhatre";
				TargetAttributes = {
					1FE5F1D31EB629B800FA86D2 = {
						CreatedOnToolsVersion = 8.2.1;
						ProvisioningStyle = Automatic;
					};
					1FE5F1EA1EB629B900FA86D2 = {
						CreatedOnToolsVersion = 8.2.1;
						ProvisioningStyle = Automatic;
						TestTargetID = 1FE5F1D31EB629B800FA86D2;
					};
					1FE5F1F51EB629B900FA86D2 = {
						CreatedOnToolsVersion = 8.2.1;
						ProvisioningStyle = Automatic;
						TestTargetID = 1FE5F1D31EB629B800FA86D2;
					};
				};
			};
			buildConfigurationList = 1FE5F1CF1EB629B800FA86D2 /* Build configuration list for PBXProject "Stats Check" */;
			compatibilityVersion = "Xcode 3.2";
			developmentRegion = English;
			hasScannedForEncodings = 0;
			knownRegions = (
				en,
				Base,
			);
			mainGroup = 1FE5F1CB1EB629B800FA86D2;
			productRefGroup = 1FE5F1D51EB629B900FA86D2 /* Products */;
			projectDirPath = "";
			projectRoot = "";
			targets = (
				1FE5F1D31EB629B800FA86D2 /* Stats Check */,
				1FE5F1EA1EB629B900FA86D2 /* Stats CheckTests */,
				1FE5F1F51EB629B900FA86D2 /* Stats CheckUITests */,
			);
		};
/* End PBXProject section */

/* Begin PBXResourcesBuildPhase section */
		1FE5F1D21EB629B800FA86D2 /* Resources */ = {
			isa = PBXResourcesBuildPhase;
			buildActionMask = 2147483647;
			files = (
				1FE5F1E51EB629B900FA86D2 /* LaunchScreen.storyboard in Resources */,
				1FE5F1E21EB629B900FA86D2 /* Assets.xcassets in Resources */,
				1FE5F1DD1EB629B900FA86D2 /* Main.storyboard in Resources */,
			);
			runOnlyForDeploymentPostprocessing = 0;
		};
		1FE5F1E91EB629B900FA86D2 /* Resources */ = {
			isa = PBXResourcesBuildPhase;
			buildActionMask = 2147483647;
			files = (
			);
			runOnlyForDeploymentPostprocessing = 0;
		};
		1FE5F1F41EB629B900FA86D2 /* Resources */ = {
			isa = PBXResourcesBuildPhase;
			buildActionMask = 2147483647;
			files = (
			);
			runOnlyForDeploymentPostprocessing = 0;
		};
/* End PBXResourcesBuildPhase section */

/* Begin PBXSourcesBuildPhase section */
		1FE5F1D01EB629B800FA86D2 /* Sources */ = {
			isa = PBXSourcesBuildPhase;
			buildActionMask = 2147483647;
			files = (
				1F15B5B91EB62B0800316182 /* AnswerViewController.swift in Sources */,
				1FE5F1E01EB629B900FA86D2 /* Stats_Check.xcdatamodeld in Sources */,
				1F47AFF21EBBADDF00BEA242 /* ResultViewController.swift in Sources */,
				1F15B5B71EB62AB700316182 /* QuizViewController.swift in Sources */,
				1F15B5B51EB62A8800316182 /* CategoryScreenVCViewController.swift in Sources */,
				1FE5F1DA1EB629B900FA86D2 /* ViewController.swift in Sources */,
				1FE5F1D81EB629B900FA86D2 /* AppDelegate.swift in Sources */,
			);
			runOnlyForDeploymentPostprocessing = 0;
		};
		1FE5F1E71EB629B900FA86D2 /* Sources */ = {
			isa = PBXSourcesBuildPhase;
			buildActionMask = 2147483647;
			files = (
				1FE5F1F01EB629B900FA86D2 /* Stats_CheckTests.swift in Sources */,
			);
			runOnlyForDeploymentPostprocessing = 0;
		};
		1FE5F1F21EB629B900FA86D2 /* Sources */ = {
			isa = PBXSourcesBuildPhase;
			buildActionMask = 2147483647;
			files = (
				1FE5F1FB1EB629B900FA86D2 /* Stats_CheckUITests.swift in Sources */,
			);
			runOnlyForDeploymentPostprocessing = 0;
		};
/* End PBXSourcesBuildPhase section */

/* Begin PBXTargetDependency section */
		1FE5F1ED1EB629B900FA86D2 /* PBXTargetDependency */ = {
			isa = PBXTargetDependency;
			target = 1FE5F1D31EB629B800FA86D2 /* Stats Check */;
			targetProxy = 1FE5F1EC1EB629B900FA86D2 /* PBXContainerItemProxy */;
		};
		1FE5F1F81EB629B900FA86D2 /* PBXTargetDependency */ = {
			isa = PBXTargetDependency;
			target = 1FE5F1D31EB629B800FA86D2 /* Stats Check */;
			targetProxy = 1FE5F1F71EB629B900FA86D2 /* PBXContainerItemProxy */;
		};
/* End PBXTargetDependency section */

/* Begin PBXVariantGroup section */
		1FE5F1DB1EB629B900FA86D2 /* Main.storyboard */ = {
			isa = PBXVariantGroup;
			children = (
				1FE5F1DC1EB629B900FA86D2 /* Base */,
			);
			name = Main.storyboard;
			sourceTree = "<group>";
		};
		1FE5F1E31EB629B900FA86D2 /* LaunchScreen.storyboard */ = {
			isa = PBXVariantGroup;
			children = (
				1FE5F1E41EB629B900FA86D2 /* Base */,
			);
			name = LaunchScreen.storyboard;
			sourceTree = "<group>";
		};
/* End PBXVariantGroup section */

/* Begin XCBuildConfiguration section */
		1FE5F1FD1EB629B900FA86D2 /* Debug */ = {
			isa = XCBuildConfiguration;
			buildSettings = {
				ALWAYS_SEARCH_USER_PATHS = NO;
				CLANG_ANALYZER_NONNULL = YES;
				CLANG_CXX_LANGUAGE_STANDARD = "gnu++0x";
				CLANG_CXX_LIBRARY = "libc++";
				CLANG_ENABLE_MODULES = YES;
				CLANG_ENABLE_OBJC_ARC = YES;
				CLANG_WARN_BOOL_CONVERSION = YES;
				CLANG_WARN_CONSTANT_CONVERSION = YES;
				CLANG_WARN_DIRECT_OBJC_ISA_USAGE = YES_ERROR;
				CLANG_WARN_DOCUMENTATION_COMMENTS = YES;
				CLANG_WARN_EMPTY_BODY = YES;
				CLANG_WARN_ENUM_CONVERSION = YES;
				CLANG_WARN_INFINITE_RECURSION = YES;
				CLANG_WARN_INT_CONVERSION = YES;
				CLANG_WARN_OBJC_ROOT_CLASS = YES_ERROR;
				CLANG_WARN_SUSPICIOUS_MOVE = YES;
				CLANG_WARN_UNREACHABLE_CODE = YES;
				CLANG_WARN__DUPLICATE_METHOD_MATCH = YES;
				"CODE_SIGN_IDENTITY[sdk=iphoneos*]" = "iPhone Developer";
				COPY_PHASE_STRIP = NO;
				DEBUG_INFORMATION_FORMAT = dwarf;
				ENABLE_STRICT_OBJC_MSGSEND = YES;
				ENABLE_TESTABILITY = YES;
				GCC_C_LANGUAGE_STANDARD = gnu99;
				GCC_DYNAMIC_NO_PIC = NO;
				GCC_NO_COMMON_BLOCKS = YES;
				GCC_OPTIMIZATION_LEVEL = 0;
				GCC_PREPROCESSOR_DEFINITIONS = (
					"DEBUG=1",
					"$(inherited)",
				);
				GCC_WARN_64_TO_32_BIT_CONVERSION = YES;
				GCC_WARN_ABOUT_RETURN_TYPE = YES_ERROR;
				GCC_WARN_UNDECLARED_SELECTOR = YES;
				GCC_WARN_UNINITIALIZED_AUTOS = YES_AGGRESSIVE;
				GCC_WARN_UNUSED_FUNCTION = YES;
				GCC_WARN_UNUSED_VARIABLE = YES;
				IPHONEOS_DEPLOYMENT_TARGET = 10.2;
				MTL_ENABLE_DEBUG_INFO = YES;
				ONLY_ACTIVE_ARCH = YES;
				SDKROOT = iphoneos;
				SWIFT_ACTIVE_COMPILATION_CONDITIONS = DEBUG;
				SWIFT_OPTIMIZATION_LEVEL = "-Onone";
				TARGETED_DEVICE_FAMILY = "1,2";
			};
			name = Debug;
		};
		1FE5F1FE1EB629B900FA86D2 /* Release */ = {
			isa = XCBuildConfiguration;
			buildSettings = {
				ALWAYS_SEARCH_USER_PATHS = NO;
				CLANG_ANALYZER_NONNULL = YES;
				CLANG_CXX_LANGUAGE_STANDARD = "gnu++0x";
				CLANG_CXX_LIBRARY = "libc++";
				CLANG_ENABLE_MODULES = YES;
				CLANG_ENABLE_OBJC_ARC = YES;
				CLANG_WARN_BOOL_CONVERSION = YES;
				CLANG_WARN_CONSTANT_CONVERSION = YES;
				CLANG_WARN_DIRECT_OBJC_ISA_USAGE = YES_ERROR;
				CLANG_WARN_DOCUMENTATION_COMMENTS = YES;
				CLANG_WARN_EMPTY_BODY = YES;
				CLANG_WARN_ENUM_CONVERSION = YES;
				CLANG_WARN_INFINITE_RECURSION = YES;
				CLANG_WARN_INT_CONVERSION = YES;
				CLANG_WARN_OBJC_ROOT_CLASS = YES_ERROR;
				CLANG_WARN_SUSPICIOUS_MOVE = YES;
				CLANG_WARN_UNREACHABLE_CODE = YES;
				CLANG_WARN__DUPLICATE_METHOD_MATCH = YES;
				"CODE_SIGN_IDENTITY[sdk=iphoneos*]" = "iPhone Developer";
				COPY_PHASE_STRIP = NO;
				DEBUG_INFORMATION_FORMAT = "dwarf-with-dsym";
				ENABLE_NS_ASSERTIONS = NO;
				ENABLE_STRICT_OBJC_MSGSEND = YES;
				GCC_C_LANGUAGE_STANDARD = gnu99;
				GCC_NO_COMMON_BLOCKS = YES;
				GCC_WARN_64_TO_32_BIT_CONVERSION = YES;
				GCC_WARN_ABOUT_RETURN_TYPE = YES_ERROR;
				GCC_WARN_UNDECLARED_SELECTOR = YES;
				GCC_WARN_UNINITIALIZED_AUTOS = YES_AGGRESSIVE;
				GCC_WARN_UNUSED_FUNCTION = YES;
				GCC_WARN_UNUSED_VARIABLE = YES;
				IPHONEOS_DEPLOYMENT_TARGET = 10.2;
				MTL_ENABLE_DEBUG_INFO = NO;
				SDKROOT = iphoneos;
				SWIFT_OPTIMIZATION_LEVEL = "-Owholemodule";
				TARGETED_DEVICE_FAMILY = "1,2";
				VALIDATE_PRODUCT = YES;
			};
			name = Release;
		};
		1FE5F2001EB629B900FA86D2 /* Debug */ = {
			isa = XCBuildConfiguration;
			buildSettings = {
				ASSETCATALOG_COMPILER_APPICON_NAME = AppIcon;
				INFOPLIST_FILE = "Stats Check/Info.plist";
				LD_RUNPATH_SEARCH_PATHS = "$(inherited) @executable_path/Frameworks";
				PRODUCT_BUNDLE_IDENTIFIER = "com.sid.Stats-Check";
				PRODUCT_NAME = "$(TARGET_NAME)";
				SWIFT_VERSION = 3.0;
			};
			name = Debug;
		};
		1FE5F2011EB629B900FA86D2 /* Release */ = {
			isa = XCBuildConfiguration;
			buildSettings = {
				ASSETCATALOG_COMPILER_APPICON_NAME = AppIcon;
				INFOPLIST_FILE = "Stats Check/Info.plist";
				LD_RUNPATH_SEARCH_PATHS = "$(inherited) @executable_path/Frameworks";
				PRODUCT_BUNDLE_IDENTIFIER = "com.sid.Stats-Check";
				PRODUCT_NAME = "$(TARGET_NAME)";
				SWIFT_VERSION = 3.0;
			};
			name = Release;
		};
		1FE5F2031EB629B900FA86D2 /* Debug */ = {
			isa = XCBuildConfiguration;
			buildSettings = {
				ALWAYS_EMBED_SWIFT_STANDARD_LIBRARIES = YES;
				BUNDLE_LOADER = "$(TEST_HOST)";
				INFOPLIST_FILE = "Stats CheckTests/Info.plist";
				LD_RUNPATH_SEARCH_PATHS = "$(inherited) @executable_path/Frameworks @loader_path/Frameworks";
				PRODUCT_BUNDLE_IDENTIFIER = "com.sid.Stats-CheckTests";
				PRODUCT_NAME = "$(TARGET_NAME)";
				SWIFT_VERSION = 3.0;
				TEST_HOST = "$(BUILT_PRODUCTS_DIR)/Stats Check.app/Stats Check";
			};
			name = Debug;
		};
		1FE5F2041EB629B900FA86D2 /* Release */ = {
			isa = XCBuildConfiguration;
			buildSettings = {
				ALWAYS_EMBED_SWIFT_STANDARD_LIBRARIES = YES;
				BUNDLE_LOADER = "$(TEST_HOST)";
				INFOPLIST_FILE = "Stats CheckTests/Info.plist";
				LD_RUNPATH_SEARCH_PATHS = "$(inherited) @executable_path/Frameworks @loader_path/Frameworks";
				PRODUCT_BUNDLE_IDENTIFIER = "com.sid.Stats-CheckTests";
				PRODUCT_NAME = "$(TARGET_NAME)";
				SWIFT_VERSION = 3.0;
				TEST_HOST = "$(BUILT_PRODUCTS_DIR)/Stats Check.app/Stats Check";
			};
			name = Release;
		};
		1FE5F2061EB629B900FA86D2 /* Debug */ = {
			isa = XCBuildConfiguration;
			buildSettings = {
				ALWAYS_EMBED_SWIFT_STANDARD_LIBRARIES = YES;
				INFOPLIST_FILE = "Stats CheckUITests/Info.plist";
				LD_RUNPATH_SEARCH_PATHS = "$(inherited) @executable_path/Frameworks @loader_path/Frameworks";
				PRODUCT_BUNDLE_IDENTIFIER = "com.sid.Stats-CheckUITests";
				PRODUCT_NAME = "$(TARGET_NAME)";
				SWIFT_VERSION = 3.0;
				TEST_TARGET_NAME = "Stats Check";
			};
			name = Debug;
		};
		1FE5F2071EB629B900FA86D2 /* Release */ = {
			isa = XCBuildConfiguration;
			buildSettings = {
				ALWAYS_EMBED_SWIFT_STANDARD_LIBRARIES = YES;
				INFOPLIST_FILE = "Stats CheckUITests/Info.plist";
				LD_RUNPATH_SEARCH_PATHS = "$(inherited) @executable_path/Frameworks @loader_path/Frameworks";
				PRODUCT_BUNDLE_IDENTIFIER = "com.sid.Stats-CheckUITests";
				PRODUCT_NAME = "$(TARGET_NAME)";
				SWIFT_VERSION = 3.0;
				TEST_TARGET_NAME = "Stats Check";
			};
			name = Release;
		};
/* End XCBuildConfiguration section */

/* Begin XCConfigurationList section */
		1FE5F1CF1EB629B800FA86D2 /* Build configuration list for PBXProject "Stats Check" */ = {
			isa = XCConfigurationList;
			buildConfigurations = (
				1FE5F1FD1EB629B900FA86D2 /* Debug */,
				1FE5F1FE1EB629B900FA86D2 /* Release */,
			);
			defaultConfigurationIsVisible = 0;
			defaultConfigurationName = Release;
		};
		1FE5F1FF1EB629B900FA86D2 /* Build configuration list for PBXNativeTarget "Stats Check" */ = {
			isa = XCConfigurationList;
			buildConfigurations = (
				1FE5F2001EB629B900FA86D2 /* Debug */,
				1FE5F2011EB629B900FA86D2 /* Release */,
			);
			defaultConfigurationIsVisible = 0;
			defaultConfigurationName = Release;
		};
		1FE5F2021EB629B900FA86D2 /* Build configuration list for PBXNativeTarget "Stats CheckTests" */ = {
			isa = XCConfigurationList;
			buildConfigurations = (
				1FE5F2031EB629B900FA86D2 /* Debug */,
				1FE5F2041EB629B900FA86D2 /* Release */,
			);
			defaultConfigurationIsVisible = 0;
			defaultConfigurationName = Release;
		};
		1FE5F2051EB629B900FA86D2 /* Build configuration list for PBXNativeTarget "Stats CheckUITests" */ = {
			isa = XCConfigurationList;
			buildConfigurations = (
				1FE5F2061EB629B900FA86D2 /* Debug */,
				1FE5F2071EB629B900FA86D2 /* Release */,
			);
			defaultConfigurationIsVisible = 0;
			defaultConfigurationName = Release;
		};
/* End XCConfigurationList section */

/* Begin XCVersionGroup section */
		1FE5F1DE1EB629B900FA86D2 /* Stats_Check.xcdatamodeld */ = {
			isa = XCVersionGroup;
			children = (
				1FE5F1DF1EB629B900FA86D2 /* Stats_Check.xcdatamodel */,
			);
			currentVersion = 1FE5F1DF1EB629B900FA86D2 /* Stats_Check.xcdatamodel */;
			path = Stats_Check.xcdatamodeld;
			sourceTree = "<group>";
			versionGroupType = wrapper.xcdatamodel;
		};
/* End XCVersionGroup section */
	};
	rootObject = 1FE5F1CC1EB629B800FA86D2 /* Project object */;
}
